
Microsoft Visual Studio Solution File, Format Version 12.00
# Visual Studio 15
VisualStudioVersion = 15.0.27703.2042
MinimumVisualStudioVersion = 10.0.40219.1
Project("{FAE04EC0-301F-11D3-BF4B-00C04F79EFBC}") = "MatrixConception", "MatrixConception\MatrixConception.csproj", "{F49DE83F-DDB3-45AE-A790-369814F68F4D}"
EndProject
Project("{FAE04EC0-301F-11D3-BF4B-00C04F79EFBC}") = "MatrixConception.Tests", "MatrixConception.Tests\MatrixConception.Tests.csproj", "{F3ECAE02-9E28-4AC5-AE36-E93F9628967D}"
EndProject
Project("{FAE04EC0-301F-11D3-BF4B-00C04F79EFBC}") = "BLL", "BLL\BLL.csproj", "{5774087E-D434-4D7E-A074-6449BF82A03E}"
EndProject
Project("{FAE04EC0-301F-11D3-BF4B-00C04F79EFBC}") = "BLL.Interface", "BLL.Interface\BLL.Interface.csproj", "{46E96BCF-EEA3-42F2-B93E-26E828F554BA}"
EndProject
Project("{FAE04EC0-301F-11D3-BF4B-00C04F79EFBC}") = "ConsolePL", "ConsolePL\ConsolePL.csproj", "{F3FA9C95-BD69-41EA-A6E8-F0E5578995D2}"
EndProject
Project("{FAE04EC0-301F-11D3-BF4B-00C04F79EFBC}") = "DAL.Interface", "DAL.Interface\DAL.Interface.csproj", "{7C39316C-956B-4ECD-95AA-BA8C9FBB4593}"
EndProject
Project("{FAE04EC0-301F-11D3-BF4B-00C04F79EFBC}") = "DependencyResolver", "DependencyResolver\DependencyResolver.csproj", "{ACEA6E23-4C5A-45C2-8D13-F91FA14C0761}"
EndProject
Project("{FAE04EC0-301F-11D3-BF4B-00C04F79EFBC}") = "BLL.Tests", "BLL.Tests\BLL.Tests.csproj", "{EEB12324-2929-4423-AC9C-61DEE80B9CED}"
EndProject
Project("{FAE04EC0-301F-11D3-BF4B-00C04F79EFBC}") = "DAL.Fake", "DAL.Fake\DAL.Fake.csproj", "{AACDE8E9-DFDE-489D-B574-BFE90E38B328}"
EndProject
Project("{FAE04EC0-301F-11D3-BF4B-00C04F79EFBC}") = "DAL.EntityFramework", "DAL.EntityFramework\DAL.EntityFramework.csproj", "{6F171028-6757-4E68-9F66-15739E8B8359}"
EndProject
Project("{FAE04EC0-301F-11D3-BF4B-00C04F79EFBC}") = "ORM", "ORM\ORM.csproj", "{7DD17CC7-2EF8-4232-B8A3-38662CF8B34A}"
EndProject
Project("{FAE04EC0-301F-11D3-BF4B-00C04F79EFBC}") = "Logger.Interface", "Logger.Interface\Logger.Interface.csproj", "{21D6FCB2-E02E-4A09-B6BC-A7992E6BCDEF}"
EndProject
Project("{FAE04EC0-301F-11D3-BF4B-00C04F79EFBC}") = "Logger", "Logger\Logger.csproj", "{95E5102D-1DA3-4026-A4A5-404D6D01B2CB}"
EndProject
Global
	GlobalSection(SolutionConfigurationPlatforms) = preSolution
		Debug|Any CPU = Debug|Any CPU
		Release|Any CPU = Release|Any CPU
	EndGlobalSection
	GlobalSection(ProjectConfigurationPlatforms) = postSolution
		{F49DE83F-DDB3-45AE-A790-369814F68F4D}.Debug|Any CPU.ActiveCfg = Debug|Any CPU
		{F49DE83F-DDB3-45AE-A790-369814F68F4D}.Debug|Any CPU.Build.0 = Debug|Any CPU
		{F49DE83F-DDB3-45AE-A790-369814F68F4D}.Release|Any CPU.ActiveCfg = Release|Any CPU
		{F49DE83F-DDB3-45AE-A790-369814F68F4D}.Release|Any CPU.Build.0 = Release|Any CPU
		{F3ECAE02-9E28-4AC5-AE36-E93F9628967D}.Debug|Any CPU.ActiveCfg = Debug|Any CPU
		{F3ECAE02-9E28-4AC5-AE36-E93F9628967D}.Debug|Any CPU.Build.0 = Debug|Any CPU
		{F3ECAE02-9E28-4AC5-AE36-E93F9628967D}.Release|Any CPU.ActiveCfg = Release|Any CPU
		{F3ECAE02-9E28-4AC5-AE36-E93F9628967D}.Release|Any CPU.Build.0 = Release|Any CPU
		{5774087E-D434-4D7E-A074-6449BF82A03E}.Debug|Any CPU.ActiveCfg = Debug|Any CPU
		{5774087E-D434-4D7E-A074-6449BF82A03E}.Debug|Any CPU.Build.0 = Debug|Any CPU
		{5774087E-D434-4D7E-A074-6449BF82A03E}.Release|Any CPU.ActiveCfg = Release|Any CPU
		{5774087E-D434-4D7E-A074-6449BF82A03E}.Release|Any CPU.Build.0 = Release|Any CPU
		{46E96BCF-EEA3-42F2-B93E-26E828F554BA}.Debug|Any CPU.ActiveCfg = Debug|Any CPU
		{46E96BCF-EEA3-42F2-B93E-26E828F554BA}.Debug|Any CPU.Build.0 = Debug|Any CPU
		{46E96BCF-EEA3-42F2-B93E-26E828F554BA}.Release|Any CPU.ActiveCfg = Release|Any CPU
		{46E96BCF-EEA3-42F2-B93E-26E828F554BA}.Release|Any CPU.Build.0 = Release|Any CPU
		{F3FA9C95-BD69-41EA-A6E8-F0E5578995D2}.Debug|Any CPU.ActiveCfg = Debug|Any CPU
		{F3FA9C95-BD69-41EA-A6E8-F0E5578995D2}.Debug|Any CPU.Build.0 = Debug|Any CPU
		{F3FA9C95-BD69-41EA-A6E8-F0E5578995D2}.Release|Any CPU.ActiveCfg = Release|Any CPU
		{F3FA9C95-BD69-41EA-A6E8-F0E5578995D2}.Release|Any CPU.Build.0 = Release|Any CPU
		{7C39316C-956B-4ECD-95AA-BA8C9FBB4593}.Debug|Any CPU.ActiveCfg = Debug|Any CPU
		{7C39316C-956B-4ECD-95AA-BA8C9FBB4593}.Debug|Any CPU.Build.0 = Debug|Any CPU
		{7C39316C-956B-4ECD-95AA-BA8C9FBB4593}.Release|Any CPU.ActiveCfg = Release|Any CPU
		{7C39316C-956B-4ECD-95AA-BA8C9FBB4593}.Release|Any CPU.Build.0 = Release|Any CPU
		{ACEA6E23-4C5A-45C2-8D13-F91FA14C0761}.Debug|Any CPU.ActiveCfg = Debug|Any CPU
		{ACEA6E23-4C5A-45C2-8D13-F91FA14C0761}.Debug|Any CPU.Build.0 = Debug|Any CPU
		{ACEA6E23-4C5A-45C2-8D13-F91FA14C0761}.Release|Any CPU.ActiveCfg = Release|Any CPU
		{ACEA6E23-4C5A-45C2-8D13-F91FA14C0761}.Release|Any CPU.Build.0 = Release|Any CPU
		{EEB12324-2929-4423-AC9C-61DEE80B9CED}.Debug|Any CPU.ActiveCfg = Debug|Any CPU
		{EEB12324-2929-4423-AC9C-61DEE80B9CED}.Debug|Any CPU.Build.0 = Debug|Any CPU
		{EEB12324-2929-4423-AC9C-61DEE80B9CED}.Release|Any CPU.ActiveCfg = Release|Any CPU
		{EEB12324-2929-4423-AC9C-61DEE80B9CED}.Release|Any CPU.Build.0 = Release|Any CPU
		{AACDE8E9-DFDE-489D-B574-BFE90E38B328}.Debug|Any CPU.ActiveCfg = Debug|Any CPU
		{AACDE8E9-DFDE-489D-B574-BFE90E38B328}.Debug|Any CPU.Build.0 = Debug|Any CPU
		{AACDE8E9-DFDE-489D-B574-BFE90E38B328}.Release|Any CPU.ActiveCfg = Release|Any CPU
		{AACDE8E9-DFDE-489D-B574-BFE90E38B328}.Release|Any CPU.Build.0 = Release|Any CPU
		{6F171028-6757-4E68-9F66-15739E8B8359}.Debug|Any CPU.ActiveCfg = Debug|Any CPU
		{6F171028-6757-4E68-9F66-15739E8B8359}.Debug|Any CPU.Build.0 = Debug|Any CPU
		{6F171028-6757-4E68-9F66-15739E8B8359}.Release|Any CPU.ActiveCfg = Release|Any CPU
		{6F171028-6757-4E68-9F66-15739E8B8359}.Release|Any CPU.Build.0 = Release|Any CPU
		{7DD17CC7-2EF8-4232-B8A3-38662CF8B34A}.Debug|Any CPU.ActiveCfg = Debug|Any CPU
		{7DD17CC7-2EF8-4232-B8A3-38662CF8B34A}.Debug|Any CPU.Build.0 = Debug|Any CPU
		{7DD17CC7-2EF8-4232-B8A3-38662CF8B34A}.Release|Any CPU.ActiveCfg = Release|Any CPU
		{7DD17CC7-2EF8-4232-B8A3-38662CF8B34A}.Release|Any CPU.Build.0 = Release|Any CPU
		{21D6FCB2-E02E-4A09-B6BC-A7992E6BCDEF}.Debug|Any CPU.ActiveCfg = Debug|Any CPU
		{21D6FCB2-E02E-4A09-B6BC-A7992E6BCDEF}.Debug|Any CPU.Build.0 = Debug|Any CPU
		{21D6FCB2-E02E-4A09-B6BC-A7992E6BCDEF}.Release|Any CPU.ActiveCfg = Release|Any CPU
		{21D6FCB2-E02E-4A09-B6BC-A7992E6BCDEF}.Release|Any CPU.Build.0 = Release|Any CPU
		{95E5102D-1DA3-4026-A4A5-404D6D01B2CB}.Debug|Any CPU.ActiveCfg = Debug|Any CPU
		{95E5102D-1DA3-4026-A4A5-404D6D01B2CB}.Debug|Any CPU.Build.0 = Debug|Any CPU
		{95E5102D-1DA3-4026-A4A5-404D6D01B2CB}.Release|Any CPU.ActiveCfg = Release|Any CPU
		{95E5102D-1DA3-4026-A4A5-404D6D01B2CB}.Release|Any CPU.Build.0 = Release|Any CPU
	EndGlobalSection
	GlobalSection(SolutionProperties) = preSolution
		HideSolutionNode = FALSE
	EndGlobalSection
	GlobalSection(ExtensibilityGlobals) = postSolution
		SolutionGuid = {6956660C-FC4D-4026-AC7D-5940507C9212}
	EndGlobalSection
EndGlobal
